
Microsoft Visual Studio Solution File, Format Version 12.00
# Visual Studio 15
VisualStudioVersion = 15.0.27703.2000
MinimumVisualStudioVersion = 10.0.40219.1
Project("{FAE04EC0-301F-11D3-BF4B-00C04F79EFBC}") = "kcs_screenshot", "kcs_screenshot.csproj", "{4FF233DB-5392-4527-8B2D-78F7F1790352}"
EndProject
Global
	GlobalSection(SolutionConfigurationPlatforms) = preSolution
		Debug|Any CPU = Debug|Any CPU
		Release|Any CPU = Release|Any CPU
	EndGlobalSection
	GlobalSection(ProjectConfigurationPlatforms) = postSolution
		{4FF233DB-5392-4527-8B2D-78F7F1790352}.Debug|Any CPU.ActiveCfg = Debug|Any CPU
		{4FF233DB-5392-4527-8B2D-78F7F1790352}.Debug|Any CPU.Build.0 = Debug|Any CPU
		{4FF233DB-5392-4527-8B2D-78F7F1790352}.Release|Any CPU.ActiveCfg = Release|Any CPU
		{4FF233DB-5392-4527-8B2D-78F7F1790352}.Release|Any CPU.Build.0 = Release|Any CPU
	EndGlobalSection
	GlobalSection(SolutionProperties) = preSolution
		HideSolutionNode = FALSE
	EndGlobalSection
	GlobalSection(ExtensibilityGlobals) = postSolution
		SolutionGuid = {F4242666-36AC-40E3-B96B-A81328BA0CDE}
	EndGlobalSection
EndGlobal
